{
  "name": "tsa",
  "version": "1.0.0",
  "lockfileVersion": 1,
  "requires": true,
  "dependencies": {
    "bootstrap-select": {
      "version": "1.13.18",
      "resolved": "https://registry.npmjs.org/bootstrap-select/-/bootstrap-select-1.13.18.tgz",
      "integrity": "sha512-V1IzK4rxBq5FrJtkzSH6RmFLFBsjx50byFbfAf8jYyXROWs7ZpprGjdHeoyq2HSsHyjJhMMwjsQhRoYAfxCGow=="
    },
    "nunito-fontface": {
      "version": "0.7.3",
      "resolved": "https://registry.npmjs.org/nunito-fontface/-/nunito-fontface-0.7.3.tgz",
      "integrity": "sha512-E7bL14fgs+Pj9f9gF7GXRl/IFPajUruCe22GtuGdXUQmSMdB3X1jLykko7sjoZBn080adfiVMDs2NRKIQmftyA=="
    }
  }
}
